
Microsoft Visual Studio Solution File, Format Version 12.00
# Visual Studio Version 17
VisualStudioVersion = 17.14.36518.9 d17.14
MinimumVisualStudioVersion = 10.0.40219.1
Project("{FAE04EC0-301F-11D3-BF4B-00C04F79EFBC}") = "lab8-calculator", "lab8-calculator.csproj", "{68862CAF-3F5A-4ADE-9B1A-650D2BC84071}"
EndProject
Global
	GlobalSection(SolutionConfigurationPlatforms) = preSolution
		Debug|Any CPU = Debug|Any CPU
		Release|Any CPU = Release|Any CPU
	EndGlobalSection
	GlobalSection(ProjectConfigurationPlatforms) = postSolution
		{68862CAF-3F5A-4ADE-9B1A-650D2BC84071}.Debug|Any CPU.ActiveCfg = Debug|Any CPU
		{68862CAF-3F5A-4ADE-9B1A-650D2BC84071}.Debug|Any CPU.Build.0 = Debug|Any CPU
		{68862CAF-3F5A-4ADE-9B1A-650D2BC84071}.Release|Any CPU.ActiveCfg = Release|Any CPU
		{68862CAF-3F5A-4ADE-9B1A-650D2BC84071}.Release|Any CPU.Build.0 = Release|Any CPU
	EndGlobalSection
	GlobalSection(SolutionProperties) = preSolution
		HideSolutionNode = FALSE
	EndGlobalSection
	GlobalSection(ExtensibilityGlobals) = postSolution
		SolutionGuid = {A3066CA4-364F-46C5-A5E4-852FA02ED361}
	EndGlobalSection
EndGlobal
