
Microsoft Visual Studio Solution File, Format Version 12.00
# Visual Studio Version 17
VisualStudioVersion = 17.14.36518.9 d17.14
MinimumVisualStudioVersion = 10.0.40219.1
Project("{FAE04EC0-301F-11D3-BF4B-00C04F79EFBC}") = "lab6", "lab6.csproj", "{828FBBD5-03BF-4432-984B-4EA74F2B5627}"
EndProject
Global
	GlobalSection(SolutionConfigurationPlatforms) = preSolution
		Debug|Any CPU = Debug|Any CPU
		Release|Any CPU = Release|Any CPU
	EndGlobalSection
	GlobalSection(ProjectConfigurationPlatforms) = postSolution
		{828FBBD5-03BF-4432-984B-4EA74F2B5627}.Debug|Any CPU.ActiveCfg = Debug|Any CPU
		{828FBBD5-03BF-4432-984B-4EA74F2B5627}.Debug|Any CPU.Build.0 = Debug|Any CPU
		{828FBBD5-03BF-4432-984B-4EA74F2B5627}.Release|Any CPU.ActiveCfg = Release|Any CPU
		{828FBBD5-03BF-4432-984B-4EA74F2B5627}.Release|Any CPU.Build.0 = Release|Any CPU
	EndGlobalSection
	GlobalSection(SolutionProperties) = preSolution
		HideSolutionNode = FALSE
	EndGlobalSection
	GlobalSection(ExtensibilityGlobals) = postSolution
		SolutionGuid = {89B797C4-8DAD-496B-8200-04E3E84D2C0C}
	EndGlobalSection
EndGlobal
